// !$*UTF8*$!
{
	archiveVersion = 1;
	classes = {
	};
	objectVersion = 56;
	objects = {

/* Begin PBXBuildFile section */
		87B4536E2A34ACC80017923D /* AppDelegate.swift in Sources */ = {isa = PBXBuildFile; fileRef = 87B4536D2A34ACC80017923D /* AppDelegate.swift */; };
		87B453702A34ACC80017923D /* SceneDelegate.swift in Sources */ = {isa = PBXBuildFile; fileRef = 87B4536F2A34ACC80017923D /* SceneDelegate.swift */; };
		87B453722A34ACC80017923D /* ViewController.swift in Sources */ = {isa = PBXBuildFile; fileRef = 87B453712A34ACC80017923D /* ViewController.swift */; };
		87B453752A34ACC80017923D /* Main.storyboard in Resources */ = {isa = PBXBuildFile; fileRef = 87B453732A34ACC80017923D /* Main.storyboard */; };
		87B453772A34ACC90017923D /* Assets.xcassets in Resources */ = {isa = PBXBuildFile; fileRef = 87B453762A34ACC90017923D /* Assets.xcassets */; };
		87B4537A2A34ACC90017923D /* LaunchScreen.storyboard in Resources */ = {isa = PBXBuildFile; fileRef = 87B453782A34ACC90017923D /* LaunchScreen.storyboard */; };
		87B453822A34AD780017923D /* BleAdvertiser.swift in Sources */ = {isa = PBXBuildFile; fileRef = 87B453812A34AD780017923D /* BleAdvertiser.swift */; };
		87B453842A34ADB50017923D /* CharacteristicConfig.swift in Sources */ = {isa = PBXBuildFile; fileRef = 87B453832A34ADB50017923D /* CharacteristicConfig.swift */; };
		87B453862A34ADCC0017923D /* MinLog.swift in Sources */ = {isa = PBXBuildFile; fileRef = 87B453852A34ADCC0017923D /* MinLog.swift */; };
/* End PBXBuildFile section */

/* Begin PBXFileReference section */
		87B4536A2A34ACC80017923D /* RandomColorBleServer.app */ = {isa = PBXFileReference; explicitFileType = wrapper.application; includeInIndex = 0; path = RandomColorBleServer.app; sourceTree = BUILT_PRODUCTS_DIR; };
		87B4536D2A34ACC80017923D /* AppDelegate.swift */ = {isa = PBXFileReference; lastKnownFileType = sourcecode.swift; path = AppDelegate.swift; sourceTree = "<group>"; };
		87B4536F2A34ACC80017923D /* SceneDelegate.swift */ = {isa = PBXFileReference; lastKnownFileType = sourcecode.swift; path = SceneDelegate.swift; sourceTree = "<group>"; };
		87B453712A34ACC80017923D /* ViewController.swift */ = {isa = PBXFileReference; lastKnownFileType = sourcecode.swift; path = ViewController.swift; sourceTree = "<group>"; };
		87B453742A34ACC80017923D /* Base */ = {isa = PBXFileReference; lastKnownFileType = file.storyboard; name = Base; path = Base.lproj/Main.storyboard; sourceTree = "<group>"; };
		87B453762A34ACC90017923D /* Assets.xcassets */ = {isa = PBXFileReference; lastKnownFileType = folder.assetcatalog; path = Assets.xcassets; sourceTree = "<group>"; };
		87B453792A34ACC90017923D /* Base */ = {isa = PBXFileReference; lastKnownFileType = file.storyboard; name = Base; path = Base.lproj/LaunchScreen.storyboard; sourceTree = "<group>"; };
		87B4537B2A34ACC90017923D /* Info.plist */ = {isa = PBXFileReference; lastKnownFileType = text.plist.xml; path = Info.plist; sourceTree = "<group>"; };
		87B453812A34AD780017923D /* BleAdvertiser.swift */ = {isa = PBXFileReference; lastKnownFileType = sourcecode.swift; path = BleAdvertiser.swift; sourceTree = "<group>"; };
		87B453832A34ADB50017923D /* CharacteristicConfig.swift */ = {isa = PBXFileReference; lastKnownFileType = sourcecode.swift; path = CharacteristicConfig.swift; sourceTree = "<group>"; };
		87B453852A34ADCC0017923D /* MinLog.swift */ = {isa = PBXFileReference; lastKnownFileType = sourcecode.swift; path = MinLog.swift; sourceTree = "<group>"; };
/* End PBXFileReference section */

/* Begin PBXFrameworksBuildPhase section */
		87B453672A34ACC80017923D /* Frameworks */ = {
			isa = PBXFrameworksBuildPhase;
			buildActionMask = 2147483647;
			files = (
			);
			runOnlyForDeploymentPostprocessing = 0;
		};
/* End PBXFrameworksBuildPhase section */

/* Begin PBXGroup section */
		87B453612A34ACC80017923D = {
			isa = PBXGroup;
			children = (
				87B453852A34ADCC0017923D /* MinLog.swift */,
				87B453832A34ADB50017923D /* CharacteristicConfig.swift */,
				87B4536C2A34ACC80017923D /* RandomColorBleServer */,
				87B4536B2A34ACC80017923D /* Products */,
			);
			sourceTree = "<group>";
		};
		87B4536B2A34ACC80017923D /* Products */ = {
			isa = PBXGroup;
			children = (
				87B4536A2A34ACC80017923D /* RandomColorBleServer.app */,
			);
			name = Products;
			sourceTree = "<group>";
		};
		87B4536C2A34ACC80017923D /* RandomColorBleServer */ = {
			isa = PBXGroup;
			children = (
				87B4536D2A34ACC80017923D /* AppDelegate.swift */,
				87B4536F2A34ACC80017923D /* SceneDelegate.swift */,
				87B453712A34ACC80017923D /* ViewController.swift */,
				87B453732A34ACC80017923D /* Main.storyboard */,
				87B453762A34ACC90017923D /* Assets.xcassets */,
				87B453782A34ACC90017923D /* LaunchScreen.storyboard */,
				87B4537B2A34ACC90017923D /* Info.plist */,
				87B453812A34AD780017923D /* BleAdvertiser.swift */,
			);
			path = RandomColorBleServer;
			sourceTree = "<group>";
		};
/* End PBXGroup section */

/* Begin PBXNativeTarget section */
		87B453692A34ACC80017923D /* RandomColorBleServer */ = {
			isa = PBXNativeTarget;
			buildConfigurationList = 87B4537E2A34ACC90017923D /* Build configuration list for PBXNativeTarget "RandomColorBleServer" */;
			buildPhases = (
				87B453662A34ACC80017923D /* Sources */,
				87B453672A34ACC80017923D /* Frameworks */,
				87B453682A34ACC80017923D /* Resources */,
			);
			buildRules = (
			);
			dependencies = (
			);
			name = RandomColorBleServer;
			productName = RandomColorBleServer;
			productReference = 87B4536A2A34ACC80017923D /* RandomColorBleServer.app */;
			productType = "com.apple.product-type.application";
		};
/* End PBXNativeTarget section */

/* Begin PBXProject section */
		87B453622A34ACC80017923D /* Project object */ = {
			isa = PBXProject;
			attributes = {
				BuildIndependentTargetsInParallel = 1;
				LastSwiftUpdateCheck = 1400;
				LastUpgradeCheck = 1400;
				TargetAttributes = {
					87B453692A34ACC80017923D = {
						CreatedOnToolsVersion = 14.0;
					};
				};
			};
			buildConfigurationList = 87B453652A34ACC80017923D /* Build configuration list for PBXProject "RandomColorBleServer" */;
			compatibilityVersion = "Xcode 14.0";
			developmentRegion = en;
			hasScannedForEncodings = 0;
			knownRegions = (
				en,
				Base,
			);
			mainGroup = 87B453612A34ACC80017923D;
			productRefGroup = 87B4536B2A34ACC80017923D /* Products */;
			projectDirPath = "";
			projectRoot = "";
			targets = (
				87B453692A34ACC80017923D /* RandomColorBleServer */,
			);
		};
/* End PBXProject section */

/* Begin PBXResourcesBuildPhase section */
		87B453682A34ACC80017923D /* Resources */ = {
			isa = PBXResourcesBuildPhase;
			buildActionMask = 2147483647;
			files = (
				87B4537A2A34ACC90017923D /* LaunchScreen.storyboard in Resources */,
				87B453772A34ACC90017923D /* Assets.xcassets in Resources */,
				87B453752A34ACC80017923D /* Main.storyboard in Resources */,
			);
			runOnlyForDeploymentPostprocessing = 0;
		};
/* End PBXResourcesBuildPhase section */

/* Begin PBXSourcesBuildPhase section */
		87B453662A34ACC80017923D /* Sources */ = {
			isa = PBXSourcesBuildPhase;
			buildActionMask = 2147483647;
			files = (
				87B453842A34ADB50017923D /* CharacteristicConfig.swift in Sources */,
				87B453722A34ACC80017923D /* ViewController.swift in Sources */,
				87B4536E2A34ACC80017923D /* AppDelegate.swift in Sources */,
				87B453822A34AD780017923D /* BleAdvertiser.swift in Sources */,
				87B453702A34ACC80017923D /* SceneDelegate.swift in Sources */,
				87B453862A34ADCC0017923D /* MinLog.swift in Sources */,
			);
			runOnlyForDeploymentPostprocessing = 0;
		};
/* End PBXSourcesBuildPhase section */

/* Begin PBXVariantGroup section */
		87B453732A34ACC80017923D /* Main.storyboard */ = {
			isa = PBXVariantGroup;
			children = (
				87B453742A34ACC80017923D /* Base */,
			);
			name = Main.storyboard;
			sourceTree = "<group>";
		};
		87B453782A34ACC90017923D /* LaunchScreen.storyboard */ = {
			isa = PBXVariantGroup;
			children = (
				87B453792A34ACC90017923D /* Base */,
			);
			name = LaunchScreen.storyboard;
			sourceTree = "<group>";
		};
/* End PBXVariantGroup section */

/* Begin XCBuildConfiguration section */
		87B4537C2A34ACC90017923D /* Debug */ = {
			isa = XCBuildConfiguration;
			buildSettings = {
				ALWAYS_SEARCH_USER_PATHS = NO;
				CLANG_ANALYZER_NONNULL = YES;
				CLANG_ANALYZER_NUMBER_OBJECT_CONVERSION = YES_AGGRESSIVE;
				CLANG_CXX_LANGUAGE_STANDARD = "gnu++20";
				CLANG_ENABLE_MODULES = YES;
				CLANG_ENABLE_OBJC_ARC = YES;
				CLANG_ENABLE_OBJC_WEAK = YES;
				CLANG_WARN_BLOCK_CAPTURE_AUTORELEASING = YES;
				CLANG_WARN_BOOL_CONVERSION = YES;
				CLANG_WARN_COMMA = YES;
				CLANG_WARN_CONSTANT_CONVERSION = YES;
				CLANG_WARN_DEPRECATED_OBJC_IMPLEMENTATIONS = YES;
				CLANG_WARN_DIRECT_OBJC_ISA_USAGE = YES_ERROR;
				CLANG_WARN_DOCUMENTATION_COMMENTS = YES;
				CLANG_WARN_EMPTY_BODY = YES;
				CLANG_WARN_ENUM_CONVERSION = YES;
				CLANG_WARN_INFINITE_RECURSION = YES;
				CLANG_WARN_INT_CONVERSION = YES;
				CLANG_WARN_NON_LITERAL_NULL_CONVERSION = YES;
				CLANG_WARN_OBJC_IMPLICIT_RETAIN_SELF = YES;
				CLANG_WARN_OBJC_LITERAL_CONVERSION = YES;
				CLANG_WARN_OBJC_ROOT_CLASS = YES_ERROR;
				CLANG_WARN_QUOTED_INCLUDE_IN_FRAMEWORK_HEADER = YES;
				CLANG_WARN_RANGE_LOOP_ANALYSIS = YES;
				CLANG_WARN_STRICT_PROTOTYPES = YES;
				CLANG_WARN_SUSPICIOUS_MOVE = YES;
				CLANG_WARN_UNGUARDED_AVAILABILITY = YES_AGGRESSIVE;
				CLANG_WARN_UNREACHABLE_CODE = YES;
				CLANG_WARN__DUPLICATE_METHOD_MATCH = YES;
				COPY_PHASE_STRIP = NO;
				DEBUG_INFORMATION_FORMAT = dwarf;
				ENABLE_STRICT_OBJC_MSGSEND = YES;
				ENABLE_TESTABILITY = YES;
				GCC_C_LANGUAGE_STANDARD = gnu11;
				GCC_DYNAMIC_NO_PIC = NO;
				GCC_NO_COMMON_BLOCKS = YES;
				GCC_OPTIMIZATION_LEVEL = 0;
				GCC_PREPROCESSOR_DEFINITIONS = (
					"DEBUG=1",
					"$(inherited)",
				);
				GCC_WARN_64_TO_32_BIT_CONVERSION = YES;
				GCC_WARN_ABOUT_RETURN_TYPE = YES_ERROR;
				GCC_WARN_UNDECLARED_SELECTOR = YES;
				GCC_WARN_UNINITIALIZED_AUTOS = YES_AGGRESSIVE;
				GCC_WARN_UNUSED_FUNCTION = YES;
				GCC_WARN_UNUSED_VARIABLE = YES;
				IPHONEOS_DEPLOYMENT_TARGET = 16.0;
				MTL_ENABLE_DEBUG_INFO = INCLUDE_SOURCE;
				MTL_FAST_MATH = YES;
				ONLY_ACTIVE_ARCH = YES;
				SDKROOT = iphoneos;
				SWIFT_ACTIVE_COMPILATION_CONDITIONS = DEBUG;
				SWIFT_OPTIMIZATION_LEVEL = "-Onone";
			};
			name = Debug;
		};
		87B4537D2A34ACC90017923D /* Release */ = {
			isa = XCBuildConfiguration;
			buildSettings = {
				ALWAYS_SEARCH_USER_PATHS = NO;
				CLANG_ANALYZER_NONNULL = YES;
				CLANG_ANALYZER_NUMBER_OBJECT_CONVERSION = YES_AGGRESSIVE;
				CLANG_CXX_LANGUAGE_STANDARD = "gnu++20";
				CLANG_ENABLE_MODULES = YES;
				CLANG_ENABLE_OBJC_ARC = YES;
				CLANG_ENABLE_OBJC_WEAK = YES;
				CLANG_WARN_BLOCK_CAPTURE_AUTORELEASING = YES;
				CLANG_WARN_BOOL_CONVERSION = YES;
				CLANG_WARN_COMMA = YES;
				CLANG_WARN_CONSTANT_CONVERSION = YES;
				CLANG_WARN_DEPRECATED_OBJC_IMPLEMENTATIONS = YES;
				CLANG_WARN_DIRECT_OBJC_ISA_USAGE = YES_ERROR;
				CLANG_WARN_DOCUMENTATION_COMMENTS = YES;
				CLANG_WARN_EMPTY_BODY = YES;
				CLANG_WARN_ENUM_CONVERSION = YES;
				CLANG_WARN_INFINITE_RECURSION = YES;
				CLANG_WARN_INT_CONVERSION = YES;
				CLANG_WARN_NON_LITERAL_NULL_CONVERSION = YES;
				CLANG_WARN_OBJC_IMPLICIT_RETAIN_SELF = YES;
				CLANG_WARN_OBJC_LITERAL_CONVERSION = YES;
				CLANG_WARN_OBJC_ROOT_CLASS = YES_ERROR;
				CLANG_WARN_QUOTED_INCLUDE_IN_FRAMEWORK_HEADER = YES;
				CLANG_WARN_RANGE_LOOP_ANALYSIS = YES;
				CLANG_WARN_STRICT_PROTOTYPES = YES;
				CLANG_WARN_SUSPICIOUS_MOVE = YES;
				CLANG_WARN_UNGUARDED_AVAILABILITY = YES_AGGRESSIVE;
				CLANG_WARN_UNREACHABLE_CODE = YES;
				CLANG_WARN__DUPLICATE_METHOD_MATCH = YES;
				COPY_PHASE_STRIP = NO;
				DEBUG_INFORMATION_FORMAT = "dwarf-with-dsym";
				ENABLE_NS_ASSERTIONS = NO;
				ENABLE_STRICT_OBJC_MSGSEND = YES;
				GCC_C_LANGUAGE_STANDARD = gnu11;
				GCC_NO_COMMON_BLOCKS = YES;
				GCC_WARN_64_TO_32_BIT_CONVERSION = YES;
				GCC_WARN_ABOUT_RETURN_TYPE = YES_ERROR;
				GCC_WARN_UNDECLARED_SELECTOR = YES;
				GCC_WARN_UNINITIALIZED_AUTOS = YES_AGGRESSIVE;
				GCC_WARN_UNUSED_FUNCTION = YES;
				GCC_WARN_UNUSED_VARIABLE = YES;
				IPHONEOS_DEPLOYMENT_TARGET = 16.0;
				MTL_ENABLE_DEBUG_INFO = NO;
				MTL_FAST_MATH = YES;
				SDKROOT = iphoneos;
				SWIFT_COMPILATION_MODE = wholemodule;
				SWIFT_OPTIMIZATION_LEVEL = "-O";
				VALIDATE_PRODUCT = YES;
			};
			name = Release;
		};
		87B4537F2A34ACC90017923D /* Debug */ = {
			isa = XCBuildConfiguration;
			buildSettings = {
				ASSETCATALOG_COMPILER_APPICON_NAME = AppIcon;
				ASSETCATALOG_COMPILER_GLOBAL_ACCENT_COLOR_NAME = AccentColor;
				CODE_SIGN_STYLE = Automatic;
				CURRENT_PROJECT_VERSION = 1;
				DEVELOPMENT_TEAM = 4L58M98Y42;
				GENERATE_INFOPLIST_FILE = YES;
				INFOPLIST_FILE = RandomColorBleServer/Info.plist;
				INFOPLIST_KEY_UIApplicationSupportsIndirectInputEvents = YES;
				INFOPLIST_KEY_UILaunchStoryboardName = LaunchScreen;
				INFOPLIST_KEY_UIMainStoryboardFile = Main;
				INFOPLIST_KEY_UISupportedInterfaceOrientations_iPad = "UIInterfaceOrientationPortrait UIInterfaceOrientationPortraitUpsideDown UIInterfaceOrientationLandscapeLeft UIInterfaceOrientationLandscapeRight";
				INFOPLIST_KEY_UISupportedInterfaceOrientations_iPhone = "UIInterfaceOrientationPortrait UIInterfaceOrientationLandscapeLeft UIInterfaceOrientationLandscapeRight";
				LD_RUNPATH_SEARCH_PATHS = (
					"$(inherited)",
					"@executable_path/Frameworks",
				);
				MARKETING_VERSION = 1.0;
				PRODUCT_BUNDLE_IDENTIFIER = com.wa2goose.RandomColorBleServer;
				PRODUCT_NAME = "$(TARGET_NAME)";
				SWIFT_EMIT_LOC_STRINGS = YES;
				SWIFT_VERSION = 5.0;
				TARGETED_DEVICE_FAMILY = "1,2";
			};
			name = Debug;
		};
		87B453802A34ACC90017923D /* Release */ = {
			isa = XCBuildConfiguration;
			buildSettings = {
				ASSETCATALOG_COMPILER_APPICON_NAME = AppIcon;
				ASSETCATALOG_COMPILER_GLOBAL_ACCENT_COLOR_NAME = AccentColor;
				CODE_SIGN_STYLE = Automatic;
				CURRENT_PROJECT_VERSION = 1;
				DEVELOPMENT_TEAM = 4L58M98Y42;
				GENERATE_INFOPLIST_FILE = YES;
				INFOPLIST_FILE = RandomColorBleServer/Info.plist;
				INFOPLIST_KEY_UIApplicationSupportsIndirectInputEvents = YES;
				INFOPLIST_KEY_UILaunchStoryboardName = LaunchScreen;
				INFOPLIST_KEY_UIMainStoryboardFile = Main;
				INFOPLIST_KEY_UISupportedInterfaceOrientations_iPad = "UIInterfaceOrientationPortrait UIInterfaceOrientationPortraitUpsideDown UIInterfaceOrientationLandscapeLeft UIInterfaceOrientationLandscapeRight";
				INFOPLIST_KEY_UISupportedInterfaceOrientations_iPhone = "UIInterfaceOrientationPortrait UIInterfaceOrientationLandscapeLeft UIInterfaceOrientationLandscapeRight";
				LD_RUNPATH_SEARCH_PATHS = (
					"$(inherited)",
					"@executable_path/Frameworks",
				);
				MARKETING_VERSION = 1.0;
				PRODUCT_BUNDLE_IDENTIFIER = com.wa2goose.RandomColorBleServer;
				PRODUCT_NAME = "$(TARGET_NAME)";
				SWIFT_EMIT_LOC_STRINGS = YES;
				SWIFT_VERSION = 5.0;
				TARGETED_DEVICE_FAMILY = "1,2";
			};
			name = Release;
		};
/* End XCBuildConfiguration section */

/* Begin XCConfigurationList section */
		87B453652A34ACC80017923D /* Build configuration list for PBXProject "RandomColorBleServer" */ = {
			isa = XCConfigurationList;
			buildConfigurations = (
				87B4537C2A34ACC90017923D /* Debug */,
				87B4537D2A34ACC90017923D /* Release */,
			);
			defaultConfigurationIsVisible = 0;
			defaultConfigurationName = Release;
		};
		87B4537E2A34ACC90017923D /* Build configuration list for PBXNativeTarget "RandomColorBleServer" */ = {
			isa = XCConfigurationList;
			buildConfigurations = (
				87B4537F2A34ACC90017923D /* Debug */,
				87B453802A34ACC90017923D /* Release */,
			);
			defaultConfigurationIsVisible = 0;
			defaultConfigurationName = Release;
		};
/* End XCConfigurationList section */
	};
	rootObject = 87B453622A34ACC80017923D /* Project object */;
}
